PODS:
  - PathKit (0.8.0)
  - Stencil (0.9.0):
    - PathKit (~> 0.8.0)

DEPENDENCIES:
  - Stencil

SPEC CHECKSUMS:
  PathKit: dcab05d701474011aae0e40cf892298a831f63d6
  Stencil: 510f0b0518a366b67b6a9c5085a0399741b6d2f9

PODFILE CHECKSUM: dff39d3cf8babd501d25896ceaba56311290334e

COCOAPODS: 1.4.0.beta.1
