// !$*UTF8*$!
{
	archiveVersion = 1;
	classes = {
	};
	objectVersion = 46;
	objects = {

/* Begin PBXBuildFile section */
		106D41215276E6D826993354 /* Pods_ViperModuleGenerator.framework in Frameworks */ = {isa = PBXBuildFile; fileRef = B955299A37299B7BFD32D39B /* Pods_ViperModuleGenerator.framework */; };
		62AA88A71F96704D0085A97A /* main.swift in Sources */ = {isa = PBXBuildFile; fileRef = 62AA88A61F96704D0085A97A /* main.swift */; };
/* End PBXBuildFile section */

/* Begin PBXCopyFilesBuildPhase section */
		62AA88A11F96704D0085A97A /* CopyFiles */ = {
			isa = PBXCopyFilesBuildPhase;
			buildActionMask = 2147483647;
			dstPath = /usr/share/man/man1/;
			dstSubfolderSpec = 0;
			files = (
			);
			runOnlyForDeploymentPostprocessing = 1;
		};
/* End PBXCopyFilesBuildPhase section */

/* Begin PBXFileReference section */
		5BCCCD32276D4931E84BE06D /* Pods-ViperModuleGenerator.debug.xcconfig */ = {isa = PBXFileReference; includeInIndex = 1; lastKnownFileType = text.xcconfig; name = "Pods-ViperModuleGenerator.debug.xcconfig"; path = "Pods/Target Support Files/Pods-ViperModuleGenerator/Pods-ViperModuleGenerator.debug.xcconfig"; sourceTree = "<group>"; };
		5D685F5863FE57458F730C00 /* Pods-ViperModuleGenerator.release.xcconfig */ = {isa = PBXFileReference; includeInIndex = 1; lastKnownFileType = text.xcconfig; name = "Pods-ViperModuleGenerator.release.xcconfig"; path = "Pods/Target Support Files/Pods-ViperModuleGenerator/Pods-ViperModuleGenerator.release.xcconfig"; sourceTree = "<group>"; };
		62AA88A31F96704D0085A97A /* ViperModuleGenerator */ = {isa = PBXFileReference; explicitFileType = "compiled.mach-o.executable"; includeInIndex = 0; path = ViperModuleGenerator; sourceTree = BUILT_PRODUCTS_DIR; };
		62AA88A61F96704D0085A97A /* main.swift */ = {isa = PBXFileReference; lastKnownFileType = sourcecode.swift; path = main.swift; sourceTree = "<group>"; };
		62ECB2CD1F9688CA00BB368E /* Stencil.framework */ = {isa = PBXFileReference; lastKnownFileType = wrapper.framework; name = Stencil.framework; path = "../../Library/Developer/Xcode/DerivedData/ViperModuleGenerator-gwfdelslsywiwlazkcnkzkmifock/Build/Products/Debug/Stencil/Stencil.framework"; sourceTree = "<group>"; };
		62ECB2CF1F9688CD00BB368E /* PathKit.framework */ = {isa = PBXFileReference; lastKnownFileType = wrapper.framework; name = PathKit.framework; path = "../../Library/Developer/Xcode/DerivedData/ViperModuleGenerator-gwfdelslsywiwlazkcnkzkmifock/Build/Products/Debug/PathKit/PathKit.framework"; sourceTree = "<group>"; };
		B955299A37299B7BFD32D39B /* Pods_ViperModuleGenerator.framework */ = {isa = PBXFileReference; explicitFileType = wrapper.framework; includeInIndex = 0; path = Pods_ViperModuleGenerator.framework; sourceTree = BUILT_PRODUCTS_DIR; };
/* End PBXFileReference section */

/* Begin PBXFrameworksBuildPhase section */
		62AA88A01F96704D0085A97A /* Frameworks */ = {
			isa = PBXFrameworksBuildPhase;
			buildActionMask = 2147483647;
			files = (
				106D41215276E6D826993354 /* Pods_ViperModuleGenerator.framework in Frameworks */,
			);
			runOnlyForDeploymentPostprocessing = 0;
		};
/* End PBXFrameworksBuildPhase section */

/* Begin PBXGroup section */
		1FEE6F86CF50511FC89C1E4D /* Pods */ = {
			isa = PBXGroup;
			children = (
				5BCCCD32276D4931E84BE06D /* Pods-ViperModuleGenerator.debug.xcconfig */,
				5D685F5863FE57458F730C00 /* Pods-ViperModuleGenerator.release.xcconfig */,
			);
			name = Pods;
			sourceTree = "<group>";
		};
		5F0C18C9727D7DBD70FB4665 /* Frameworks */ = {
			isa = PBXGroup;
			children = (
				62ECB2CF1F9688CD00BB368E /* PathKit.framework */,
				62ECB2CD1F9688CA00BB368E /* Stencil.framework */,
				B955299A37299B7BFD32D39B /* Pods_ViperModuleGenerator.framework */,
			);
			name = Frameworks;
			sourceTree = "<group>";
		};
		62AA889A1F96704D0085A97A = {
			isa = PBXGroup;
			children = (
				62AA88A51F96704D0085A97A /* ViperModuleGenerator */,
				62AA88A41F96704D0085A97A /* Products */,
				5F0C18C9727D7DBD70FB4665 /* Frameworks */,
				1FEE6F86CF50511FC89C1E4D /* Pods */,
			);
			sourceTree = "<group>";
		};
		62AA88A41F96704D0085A97A /* Products */ = {
			isa = PBXGroup;
			children = (
				62AA88A31F96704D0085A97A /* ViperModuleGenerator */,
			);
			name = Products;
			sourceTree = "<group>";
		};
		62AA88A51F96704D0085A97A /* ViperModuleGenerator */ = {
			isa = PBXGroup;
			children = (
				62AA88A61F96704D0085A97A /* main.swift */,
			);
			path = ViperModuleGenerator;
			sourceTree = "<group>";
		};
/* End PBXGroup section */

/* Begin PBXNativeTarget section */
		62AA88A21F96704D0085A97A /* ViperModuleGenerator */ = {
			isa = PBXNativeTarget;
			buildConfigurationList = 62AA88AA1F96704D0085A97A /* Build configuration list for PBXNativeTarget "ViperModuleGenerator" */;
			buildPhases = (
				8ADAE9A3C360286AE52BC0EE /* [CP] Check Pods Manifest.lock */,
				62AA889F1F96704D0085A97A /* Sources */,
				62AA88A01F96704D0085A97A /* Frameworks */,
				62AA88A11F96704D0085A97A /* CopyFiles */,
				8550BBA12DBCE079A30F6B80 /* [CP] Copy Pods Resources */,
			);
			buildRules = (
			);
			dependencies = (
			);
			name = ViperModuleGenerator;
			productName = ViperModuleGenerator;
			productReference = 62AA88A31F96704D0085A97A /* ViperModuleGenerator */;
			productType = "com.apple.product-type.tool";
		};
/* End PBXNativeTarget section */

/* Begin PBXProject section */
		62AA889B1F96704D0085A97A /* Project object */ = {
			isa = PBXProject;
			attributes = {
				LastSwiftUpdateCheck = 0830;
				LastUpgradeCheck = 0830;
				ORGANIZATIONNAME = robertogarrido.com;
				TargetAttributes = {
					62AA88A21F96704D0085A97A = {
						CreatedOnToolsVersion = 8.3.3;
						DevelopmentTeam = 6PBG234246;
						ProvisioningStyle = Automatic;
					};
				};
			};
			buildConfigurationList = 62AA889E1F96704D0085A97A /* Build configuration list for PBXProject "ViperModuleGenerator" */;
			compatibilityVersion = "Xcode 3.2";
			developmentRegion = English;
			hasScannedForEncodings = 0;
			knownRegions = (
				en,
			);
			mainGroup = 62AA889A1F96704D0085A97A;
			productRefGroup = 62AA88A41F96704D0085A97A /* Products */;
			projectDirPath = "";
			projectRoot = "";
			targets = (
				62AA88A21F96704D0085A97A /* ViperModuleGenerator */,
			);
		};
/* End PBXProject section */

/* Begin PBXShellScriptBuildPhase section */
		8550BBA12DBCE079A30F6B80 /* [CP] Copy Pods Resources */ = {
			isa = PBXShellScriptBuildPhase;
			buildActionMask = 2147483647;
			files = (
			);
			inputPaths = (
			);
			name = "[CP] Copy Pods Resources";
			outputPaths = (
			);
			runOnlyForDeploymentPostprocessing = 0;
			shellPath = /bin/sh;
			shellScript = "\"${SRCROOT}/Pods/Target Support Files/Pods-ViperModuleGenerator/Pods-ViperModuleGenerator-resources.sh\"\n";
			showEnvVarsInLog = 0;
		};
		8ADAE9A3C360286AE52BC0EE /* [CP] Check Pods Manifest.lock */ = {
			isa = PBXShellScriptBuildPhase;
			buildActionMask = 2147483647;
			files = (
			);
			inputPaths = (
				"${PODS_PODFILE_DIR_PATH}/Podfile.lock",
				"${PODS_ROOT}/Manifest.lock",
			);
			name = "[CP] Check Pods Manifest.lock";
			outputPaths = (
				"$(DERIVED_FILE_DIR)/Pods-ViperModuleGenerator-checkManifestLockResult.txt",
			);
			runOnlyForDeploymentPostprocessing = 0;
			shellPath = /bin/sh;
			shellScript = "diff \"${PODS_PODFILE_DIR_PATH}/Podfile.lock\" \"${PODS_ROOT}/Manifest.lock\" > /dev/null\nif [ $? != 0 ] ; then\n    # print error to STDERR\n    echo \"error: The sandbox is not in sync with the Podfile.lock. Run 'pod install' or update your CocoaPods installation.\" >&2\n    exit 1\nfi\n# This output is used by Xcode 'outputs' to avoid re-running this script phase.\necho \"SUCCESS\" > \"${SCRIPT_OUTPUT_FILE_0}\"\n";
			showEnvVarsInLog = 0;
		};
/* End PBXShellScriptBuildPhase section */

/* Begin PBXSourcesBuildPhase section */
		62AA889F1F96704D0085A97A /* Sources */ = {
			isa = PBXSourcesBuildPhase;
			buildActionMask = 2147483647;
			files = (
				62AA88A71F96704D0085A97A /* main.swift in Sources */,
			);
			runOnlyForDeploymentPostprocessing = 0;
		};
/* End PBXSourcesBuildPhase section */

/* Begin XCBuildConfiguration section */
		62AA88A81F96704D0085A97A /* Debug */ = {
			isa = XCBuildConfiguration;
			buildSettings = {
				ALWAYS_SEARCH_USER_PATHS = NO;
				CLANG_ANALYZER_NONNULL = YES;
				CLANG_ANALYZER_NUMBER_OBJECT_CONVERSION = YES_AGGRESSIVE;
				CLANG_CXX_LANGUAGE_STANDARD = "gnu++0x";
				CLANG_CXX_LIBRARY = "libc++";
				CLANG_ENABLE_MODULES = YES;
				CLANG_ENABLE_OBJC_ARC = YES;
				CLANG_WARN_BOOL_CONVERSION = YES;
				CLANG_WARN_CONSTANT_CONVERSION = YES;
				CLANG_WARN_DIRECT_OBJC_ISA_USAGE = YES_ERROR;
				CLANG_WARN_DOCUMENTATION_COMMENTS = YES;
				CLANG_WARN_EMPTY_BODY = YES;
				CLANG_WARN_ENUM_CONVERSION = YES;
				CLANG_WARN_INFINITE_RECURSION = YES;
				CLANG_WARN_INT_CONVERSION = YES;
				CLANG_WARN_OBJC_ROOT_CLASS = YES_ERROR;
				CLANG_WARN_SUSPICIOUS_MOVE = YES;
				CLANG_WARN_UNREACHABLE_CODE = YES;
				CLANG_WARN__DUPLICATE_METHOD_MATCH = YES;
				CODE_SIGN_IDENTITY = "-";
				COPY_PHASE_STRIP = NO;
				DEBUG_INFORMATION_FORMAT = dwarf;
				ENABLE_STRICT_OBJC_MSGSEND = YES;
				ENABLE_TESTABILITY = YES;
				GCC_C_LANGUAGE_STANDARD = gnu99;
				GCC_DYNAMIC_NO_PIC = NO;
				GCC_NO_COMMON_BLOCKS = YES;
				GCC_OPTIMIZATION_LEVEL = 0;
				GCC_PREPROCESSOR_DEFINITIONS = (
					"DEBUG=1",
					"$(inherited)",
				);
				GCC_WARN_64_TO_32_BIT_CONVERSION = YES;
				GCC_WARN_ABOUT_RETURN_TYPE = YES_ERROR;
				GCC_WARN_UNDECLARED_SELECTOR = YES;
				GCC_WARN_UNINITIALIZED_AUTOS = YES_AGGRESSIVE;
				GCC_WARN_UNUSED_FUNCTION = YES;
				GCC_WARN_UNUSED_VARIABLE = YES;
				MACOSX_DEPLOYMENT_TARGET = 10.13;
				MTL_ENABLE_DEBUG_INFO = YES;
				ONLY_ACTIVE_ARCH = YES;
				SDKROOT = macosx;
				SWIFT_OPTIMIZATION_LEVEL = "-Onone";
			};
			name = Debug;
		};
		62AA88A91F96704D0085A97A /* Release */ = {
			isa = XCBuildConfiguration;
			buildSettings = {
				ALWAYS_SEARCH_USER_PATHS = NO;
				CLANG_ANALYZER_NONNULL = YES;
				CLANG_ANALYZER_NUMBER_OBJECT_CONVERSION = YES_AGGRESSIVE;
				CLANG_CXX_LANGUAGE_STANDARD = "gnu++0x";
				CLANG_CXX_LIBRARY = "libc++";
				CLANG_ENABLE_MODULES = YES;
				CLANG_ENABLE_OBJC_ARC = YES;
				CLANG_WARN_BOOL_CONVERSION = YES;
				CLANG_WARN_CONSTANT_CONVERSION = YES;
				CLANG_WARN_DIRECT_OBJC_ISA_USAGE = YES_ERROR;
				CLANG_WARN_DOCUMENTATION_COMMENTS = YES;
				CLANG_WARN_EMPTY_BODY = YES;
				CLANG_WARN_ENUM_CONVERSION = YES;
				CLANG_WARN_INFINITE_RECURSION = YES;
				CLANG_WARN_INT_CONVERSION = YES;
				CLANG_WARN_OBJC_ROOT_CLASS = YES_ERROR;
				CLANG_WARN_SUSPICIOUS_MOVE = YES;
				CLANG_WARN_UNREACHABLE_CODE = YES;
				CLANG_WARN__DUPLICATE_METHOD_MATCH = YES;
				CODE_SIGN_IDENTITY = "-";
				COPY_PHASE_STRIP = NO;
				DEBUG_INFORMATION_FORMAT = "dwarf-with-dsym";
				ENABLE_NS_ASSERTIONS = NO;
				ENABLE_STRICT_OBJC_MSGSEND = YES;
				GCC_C_LANGUAGE_STANDARD = gnu99;
				GCC_NO_COMMON_BLOCKS = YES;
				GCC_WARN_64_TO_32_BIT_CONVERSION = YES;
				GCC_WARN_ABOUT_RETURN_TYPE = YES_ERROR;
				GCC_WARN_UNDECLARED_SELECTOR = YES;
				GCC_WARN_UNINITIALIZED_AUTOS = YES_AGGRESSIVE;
				GCC_WARN_UNUSED_FUNCTION = YES;
				GCC_WARN_UNUSED_VARIABLE = YES;
				MACOSX_DEPLOYMENT_TARGET = 10.13;
				MTL_ENABLE_DEBUG_INFO = NO;
				SDKROOT = macosx;
			};
			name = Release;
		};
		62AA88AB1F96704D0085A97A /* Debug */ = {
			isa = XCBuildConfiguration;
			baseConfigurationReference = 5BCCCD32276D4931E84BE06D /* Pods-ViperModuleGenerator.debug.xcconfig */;
			buildSettings = {
				DEVELOPMENT_TEAM = 6PBG234246;
				MACOSX_DEPLOYMENT_TARGET = 10.12;
				PRODUCT_NAME = "$(TARGET_NAME)";
				SWIFT_VERSION = 3.0;
			};
			name = Debug;
		};
		62AA88AC1F96704D0085A97A /* Release */ = {
			isa = XCBuildConfiguration;
			baseConfigurationReference = 5D685F5863FE57458F730C00 /* Pods-ViperModuleGenerator.release.xcconfig */;
			buildSettings = {
				DEVELOPMENT_TEAM = 6PBG234246;
				MACOSX_DEPLOYMENT_TARGET = 10.12;
				PRODUCT_NAME = "$(TARGET_NAME)";
				SWIFT_VERSION = 3.0;
			};
			name = Release;
		};
/* End XCBuildConfiguration section */

/* Begin XCConfigurationList section */
		62AA889E1F96704D0085A97A /* Build configuration list for PBXProject "ViperModuleGenerator" */ = {
			isa = XCConfigurationList;
			buildConfigurations = (
				62AA88A81F96704D0085A97A /* Debug */,
				62AA88A91F96704D0085A97A /* Release */,
			);
			defaultConfigurationIsVisible = 0;
			defaultConfigurationName = Release;
		};
		62AA88AA1F96704D0085A97A /* Build configuration list for PBXNativeTarget "ViperModuleGenerator" */ = {
			isa = XCConfigurationList;
			buildConfigurations = (
				62AA88AB1F96704D0085A97A /* Debug */,
				62AA88AC1F96704D0085A97A /* Release */,
			);
			defaultConfigurationIsVisible = 0;
			defaultConfigurationName = Release;
		};
/* End XCConfigurationList section */
	};
	rootObject = 62AA889B1F96704D0085A97A /* Project object */;
}
