// !$*UTF8*$!
{
	archiveVersion = 1;
	classes = {
	};
	objectVersion = 46;
	objects = {

/* Begin PBXBuildFile section */
		OBJ_105 /* PathKit.swift in Sources */ = {isa = PBXBuildFile; fileRef = OBJ_43 /* PathKit.swift */; };
		OBJ_112 /* Package.swift in Sources */ = {isa = PBXBuildFile; fileRef = OBJ_42 /* Package.swift */; };
		OBJ_118 /* Context.swift in Sources */ = {isa = PBXBuildFile; fileRef = OBJ_21 /* Context.swift */; };
		OBJ_119 /* Environment.swift in Sources */ = {isa = PBXBuildFile; fileRef = OBJ_22 /* Environment.swift */; };
		OBJ_120 /* Errors.swift in Sources */ = {isa = PBXBuildFile; fileRef = OBJ_23 /* Errors.swift */; };
		OBJ_121 /* Expression.swift in Sources */ = {isa = PBXBuildFile; fileRef = OBJ_24 /* Expression.swift */; };
		OBJ_122 /* Extension.swift in Sources */ = {isa = PBXBuildFile; fileRef = OBJ_25 /* Extension.swift */; };
		OBJ_123 /* FilterTag.swift in Sources */ = {isa = PBXBuildFile; fileRef = OBJ_26 /* FilterTag.swift */; };
		OBJ_124 /* Filters.swift in Sources */ = {isa = PBXBuildFile; fileRef = OBJ_27 /* Filters.swift */; };
		OBJ_125 /* ForTag.swift in Sources */ = {isa = PBXBuildFile; fileRef = OBJ_28 /* ForTag.swift */; };
		OBJ_126 /* IfTag.swift in Sources */ = {isa = PBXBuildFile; fileRef = OBJ_29 /* IfTag.swift */; };
		OBJ_127 /* Include.swift in Sources */ = {isa = PBXBuildFile; fileRef = OBJ_30 /* Include.swift */; };
		OBJ_128 /* Inheritence.swift in Sources */ = {isa = PBXBuildFile; fileRef = OBJ_31 /* Inheritence.swift */; };
		OBJ_129 /* KeyPath.swift in Sources */ = {isa = PBXBuildFile; fileRef = OBJ_32 /* KeyPath.swift */; };
		OBJ_130 /* Lexer.swift in Sources */ = {isa = PBXBuildFile; fileRef = OBJ_33 /* Lexer.swift */; };
		OBJ_131 /* Loader.swift in Sources */ = {isa = PBXBuildFile; fileRef = OBJ_34 /* Loader.swift */; };
		OBJ_132 /* Node.swift in Sources */ = {isa = PBXBuildFile; fileRef = OBJ_35 /* Node.swift */; };
		OBJ_133 /* NowTag.swift in Sources */ = {isa = PBXBuildFile; fileRef = OBJ_36 /* NowTag.swift */; };
		OBJ_134 /* Parser.swift in Sources */ = {isa = PBXBuildFile; fileRef = OBJ_37 /* Parser.swift */; };
		OBJ_135 /* Template.swift in Sources */ = {isa = PBXBuildFile; fileRef = OBJ_38 /* Template.swift */; };
		OBJ_136 /* Tokenizer.swift in Sources */ = {isa = PBXBuildFile; fileRef = OBJ_39 /* Tokenizer.swift */; };
		OBJ_137 /* Variable.swift in Sources */ = {isa = PBXBuildFile; fileRef = OBJ_40 /* Variable.swift */; };
		OBJ_139 /* PathKit.framework in Frameworks */ = {isa = PBXBuildFile; fileRef = "PathKit::PathKit::Product" /* PathKit.framework */; };
		OBJ_146 /* Package.swift in Sources */ = {isa = PBXBuildFile; fileRef = OBJ_20 /* Package.swift */; };
		OBJ_152 /* TemplateRenderer.swift in Sources */ = {isa = PBXBuildFile; fileRef = OBJ_9 /* TemplateRenderer.swift */; };
		OBJ_153 /* TemplateRendererStencil.swift in Sources */ = {isa = PBXBuildFile; fileRef = OBJ_10 /* TemplateRendererStencil.swift */; };
		OBJ_154 /* Vipergen.swift in Sources */ = {isa = PBXBuildFile; fileRef = OBJ_11 /* Vipergen.swift */; };
		OBJ_155 /* VipergenConfiguration.swift in Sources */ = {isa = PBXBuildFile; fileRef = OBJ_12 /* VipergenConfiguration.swift */; };
		OBJ_156 /* main.swift in Sources */ = {isa = PBXBuildFile; fileRef = OBJ_13 /* main.swift */; };
		OBJ_158 /* Files.framework in Frameworks */ = {isa = PBXBuildFile; fileRef = "Files::Files::Product" /* Files.framework */; };
		OBJ_159 /* Commander.framework in Frameworks */ = {isa = PBXBuildFile; fileRef = "Commander::Commander::Product" /* Commander.framework */; };
		OBJ_160 /* Stencil.framework in Frameworks */ = {isa = PBXBuildFile; fileRef = "Stencil::Stencil::Product" /* Stencil.framework */; };
		OBJ_161 /* PathKit.framework in Frameworks */ = {isa = PBXBuildFile; fileRef = "PathKit::PathKit::Product" /* PathKit.framework */; };
		OBJ_171 /* Package.swift in Sources */ = {isa = PBXBuildFile; fileRef = OBJ_6 /* Package.swift */; };
		OBJ_71 /* ArgumentConvertible.swift in Sources */ = {isa = PBXBuildFile; fileRef = OBJ_46 /* ArgumentConvertible.swift */; };
		OBJ_72 /* ArgumentDescription.swift in Sources */ = {isa = PBXBuildFile; fileRef = OBJ_47 /* ArgumentDescription.swift */; };
		OBJ_73 /* ArgumentParser.swift in Sources */ = {isa = PBXBuildFile; fileRef = OBJ_48 /* ArgumentParser.swift */; };
		OBJ_74 /* Command.swift in Sources */ = {isa = PBXBuildFile; fileRef = OBJ_49 /* Command.swift */; };
		OBJ_75 /* CommandRunner.swift in Sources */ = {isa = PBXBuildFile; fileRef = OBJ_50 /* CommandRunner.swift */; };
		OBJ_76 /* CommandType.swift in Sources */ = {isa = PBXBuildFile; fileRef = OBJ_51 /* CommandType.swift */; };
		OBJ_77 /* Commands.swift in Sources */ = {isa = PBXBuildFile; fileRef = OBJ_52 /* Commands.swift */; };
		OBJ_78 /* Error.swift in Sources */ = {isa = PBXBuildFile; fileRef = OBJ_53 /* Error.swift */; };
		OBJ_79 /* Group.swift in Sources */ = {isa = PBXBuildFile; fileRef = OBJ_54 /* Group.swift */; };
		OBJ_86 /* Package.swift in Sources */ = {isa = PBXBuildFile; fileRef = OBJ_55 /* Package.swift */; };
		OBJ_92 /* Files.swift in Sources */ = {isa = PBXBuildFile; fileRef = OBJ_18 /* Files.swift */; };
		OBJ_99 /* Package.swift in Sources */ = {isa = PBXBuildFile; fileRef = OBJ_17 /* Package.swift */; };
/* End PBXBuildFile section */

/* Begin PBXContainerItemProxy section */
		9FE920E523B6A5D500D514CF /* PBXContainerItemProxy */ = {
			isa = PBXContainerItemProxy;
			containerPortal = OBJ_1 /* Project object */;
			proxyType = 1;
			remoteGlobalIDString = "Files::Files";
			remoteInfo = Files;
		};
		9FE920E623B6A5D500D514CF /* PBXContainerItemProxy */ = {
			isa = PBXContainerItemProxy;
			containerPortal = OBJ_1 /* Project object */;
			proxyType = 1;
			remoteGlobalIDString = "Commander::Commander";
			remoteInfo = Commander;
		};
		9FE920E723B6A5D500D514CF /* PBXContainerItemProxy */ = {
			isa = PBXContainerItemProxy;
			containerPortal = OBJ_1 /* Project object */;
			proxyType = 1;
			remoteGlobalIDString = "Stencil::Stencil";
			remoteInfo = Stencil;
		};
		9FE920E823B6A5D500D514CF /* PBXContainerItemProxy */ = {
			isa = PBXContainerItemProxy;
			containerPortal = OBJ_1 /* Project object */;
			proxyType = 1;
			remoteGlobalIDString = "PathKit::PathKit";
			remoteInfo = PathKit;
		};
		9FE920E923B6A5D500D514CF /* PBXContainerItemProxy */ = {
			isa = PBXContainerItemProxy;
			containerPortal = OBJ_1 /* Project object */;
			proxyType = 1;
			remoteGlobalIDString = "PathKit::PathKit";
			remoteInfo = PathKit;
		};
/* End PBXContainerItemProxy section */

/* Begin PBXFileReference section */
		"Commander::Commander::Product" /* Commander.framework */ = {isa = PBXFileReference; lastKnownFileType = wrapper.framework; path = Commander.framework; sourceTree = BUILT_PRODUCTS_DIR; };
		"Files::Files::Product" /* Files.framework */ = {isa = PBXFileReference; lastKnownFileType = wrapper.framework; path = Files.framework; sourceTree = BUILT_PRODUCTS_DIR; };
		OBJ_10 /* TemplateRendererStencil.swift */ = {isa = PBXFileReference; lastKnownFileType = sourcecode.swift; path = TemplateRendererStencil.swift; sourceTree = "<group>"; };
		OBJ_11 /* Vipergen.swift */ = {isa = PBXFileReference; lastKnownFileType = sourcecode.swift; path = Vipergen.swift; sourceTree = "<group>"; };
		OBJ_12 /* VipergenConfiguration.swift */ = {isa = PBXFileReference; lastKnownFileType = sourcecode.swift; path = VipergenConfiguration.swift; sourceTree = "<group>"; };
		OBJ_13 /* main.swift */ = {isa = PBXFileReference; lastKnownFileType = sourcecode.swift; path = main.swift; sourceTree = "<group>"; };
		OBJ_17 /* Package.swift */ = {isa = PBXFileReference; explicitFileType = sourcecode.swift; name = Package.swift; path = /Users/ivanornes/Downloads/vipergen/.build/checkouts/Files/Package.swift; sourceTree = "<group>"; };
		OBJ_18 /* Files.swift */ = {isa = PBXFileReference; lastKnownFileType = sourcecode.swift; path = Files.swift; sourceTree = "<group>"; };
		OBJ_20 /* Package.swift */ = {isa = PBXFileReference; explicitFileType = sourcecode.swift; name = Package.swift; path = /Users/ivanornes/Downloads/vipergen/.build/checkouts/Stencil/Package.swift; sourceTree = "<group>"; };
		OBJ_21 /* Context.swift */ = {isa = PBXFileReference; lastKnownFileType = sourcecode.swift; path = Context.swift; sourceTree = "<group>"; };
		OBJ_22 /* Environment.swift */ = {isa = PBXFileReference; lastKnownFileType = sourcecode.swift; path = Environment.swift; sourceTree = "<group>"; };
		OBJ_23 /* Errors.swift */ = {isa = PBXFileReference; lastKnownFileType = sourcecode.swift; path = Errors.swift; sourceTree = "<group>"; };
		OBJ_24 /* Expression.swift */ = {isa = PBXFileReference; lastKnownFileType = sourcecode.swift; path = Expression.swift; sourceTree = "<group>"; };
		OBJ_25 /* Extension.swift */ = {isa = PBXFileReference; lastKnownFileType = sourcecode.swift; path = Extension.swift; sourceTree = "<group>"; };
		OBJ_26 /* FilterTag.swift */ = {isa = PBXFileReference; lastKnownFileType = sourcecode.swift; path = FilterTag.swift; sourceTree = "<group>"; };
		OBJ_27 /* Filters.swift */ = {isa = PBXFileReference; lastKnownFileType = sourcecode.swift; path = Filters.swift; sourceTree = "<group>"; };
		OBJ_28 /* ForTag.swift */ = {isa = PBXFileReference; lastKnownFileType = sourcecode.swift; path = ForTag.swift; sourceTree = "<group>"; };
		OBJ_29 /* IfTag.swift */ = {isa = PBXFileReference; lastKnownFileType = sourcecode.swift; path = IfTag.swift; sourceTree = "<group>"; };
		OBJ_30 /* Include.swift */ = {isa = PBXFileReference; lastKnownFileType = sourcecode.swift; path = Include.swift; sourceTree = "<group>"; };
		OBJ_31 /* Inheritence.swift */ = {isa = PBXFileReference; lastKnownFileType = sourcecode.swift; path = Inheritence.swift; sourceTree = "<group>"; };
		OBJ_32 /* KeyPath.swift */ = {isa = PBXFileReference; lastKnownFileType = sourcecode.swift; path = KeyPath.swift; sourceTree = "<group>"; };
		OBJ_33 /* Lexer.swift */ = {isa = PBXFileReference; lastKnownFileType = sourcecode.swift; path = Lexer.swift; sourceTree = "<group>"; };
		OBJ_34 /* Loader.swift */ = {isa = PBXFileReference; lastKnownFileType = sourcecode.swift; path = Loader.swift; sourceTree = "<group>"; };
		OBJ_35 /* Node.swift */ = {isa = PBXFileReference; lastKnownFileType = sourcecode.swift; path = Node.swift; sourceTree = "<group>"; };
		OBJ_36 /* NowTag.swift */ = {isa = PBXFileReference; lastKnownFileType = sourcecode.swift; path = NowTag.swift; sourceTree = "<group>"; };
		OBJ_37 /* Parser.swift */ = {isa = PBXFileReference; lastKnownFileType = sourcecode.swift; path = Parser.swift; sourceTree = "<group>"; };
		OBJ_38 /* Template.swift */ = {isa = PBXFileReference; lastKnownFileType = sourcecode.swift; path = Template.swift; sourceTree = "<group>"; };
		OBJ_39 /* Tokenizer.swift */ = {isa = PBXFileReference; lastKnownFileType = sourcecode.swift; path = Tokenizer.swift; sourceTree = "<group>"; };
		OBJ_40 /* Variable.swift */ = {isa = PBXFileReference; lastKnownFileType = sourcecode.swift; path = Variable.swift; sourceTree = "<group>"; };
		OBJ_42 /* Package.swift */ = {isa = PBXFileReference; explicitFileType = sourcecode.swift; name = Package.swift; path = /Users/ivanornes/Downloads/vipergen/.build/checkouts/PathKit/Package.swift; sourceTree = "<group>"; };
		OBJ_43 /* PathKit.swift */ = {isa = PBXFileReference; lastKnownFileType = sourcecode.swift; path = PathKit.swift; sourceTree = "<group>"; };
		OBJ_46 /* ArgumentConvertible.swift */ = {isa = PBXFileReference; lastKnownFileType = sourcecode.swift; path = ArgumentConvertible.swift; sourceTree = "<group>"; };
		OBJ_47 /* ArgumentDescription.swift */ = {isa = PBXFileReference; lastKnownFileType = sourcecode.swift; path = ArgumentDescription.swift; sourceTree = "<group>"; };
		OBJ_48 /* ArgumentParser.swift */ = {isa = PBXFileReference; lastKnownFileType = sourcecode.swift; path = ArgumentParser.swift; sourceTree = "<group>"; };
		OBJ_49 /* Command.swift */ = {isa = PBXFileReference; lastKnownFileType = sourcecode.swift; path = Command.swift; sourceTree = "<group>"; };
		OBJ_50 /* CommandRunner.swift */ = {isa = PBXFileReference; lastKnownFileType = sourcecode.swift; path = CommandRunner.swift; sourceTree = "<group>"; };
		OBJ_51 /* CommandType.swift */ = {isa = PBXFileReference; lastKnownFileType = sourcecode.swift; path = CommandType.swift; sourceTree = "<group>"; };
		OBJ_52 /* Commands.swift */ = {isa = PBXFileReference; lastKnownFileType = sourcecode.swift; path = Commands.swift; sourceTree = "<group>"; };
		OBJ_53 /* Error.swift */ = {isa = PBXFileReference; lastKnownFileType = sourcecode.swift; path = Error.swift; sourceTree = "<group>"; };
		OBJ_54 /* Group.swift */ = {isa = PBXFileReference; lastKnownFileType = sourcecode.swift; path = Group.swift; sourceTree = "<group>"; };
		OBJ_55 /* Package.swift */ = {isa = PBXFileReference; explicitFileType = sourcecode.swift; name = Package.swift; path = /Users/ivanornes/Downloads/vipergen/.build/checkouts/Commander/Package.swift; sourceTree = "<group>"; };
		OBJ_6 /* Package.swift */ = {isa = PBXFileReference; explicitFileType = sourcecode.swift; path = Package.swift; sourceTree = "<group>"; };
		OBJ_62 /* vipergen_templates */ = {isa = PBXFileReference; lastKnownFileType = folder; path = vipergen_templates; sourceTree = SOURCE_ROOT; };
		OBJ_63 /* Formula */ = {isa = PBXFileReference; lastKnownFileType = folder; path = Formula; sourceTree = SOURCE_ROOT; };
		OBJ_64 /* Makefile */ = {isa = PBXFileReference; lastKnownFileType = sourcecode.make; path = Makefile; sourceTree = "<group>"; };
		OBJ_65 /* README.md */ = {isa = PBXFileReference; lastKnownFileType = net.daringfireball.markdown; path = README.md; sourceTree = "<group>"; };
		OBJ_9 /* TemplateRenderer.swift */ = {isa = PBXFileReference; lastKnownFileType = sourcecode.swift; path = TemplateRenderer.swift; sourceTree = "<group>"; };
		"PathKit::PathKit::Product" /* PathKit.framework */ = {isa = PBXFileReference; lastKnownFileType = wrapper.framework; path = PathKit.framework; sourceTree = BUILT_PRODUCTS_DIR; };
		"Stencil::Stencil::Product" /* Stencil.framework */ = {isa = PBXFileReference; lastKnownFileType = wrapper.framework; path = Stencil.framework; sourceTree = BUILT_PRODUCTS_DIR; };
		"vipergen::vipergen::Product" /* vipergen */ = {isa = PBXFileReference; explicitFileType = "compiled.mach-o.executable"; path = vipergen; sourceTree = BUILT_PRODUCTS_DIR; };
/* End PBXFileReference section */

/* Begin PBXFrameworksBuildPhase section */
		OBJ_106 /* Frameworks */ = {
			isa = PBXFrameworksBuildPhase;
			buildActionMask = 0;
			files = (
			);
			runOnlyForDeploymentPostprocessing = 0;
		};
		OBJ_138 /* Frameworks */ = {
			isa = PBXFrameworksBuildPhase;
			buildActionMask = 0;
			files = (
				OBJ_139 /* PathKit.framework in Frameworks */,
			);
			runOnlyForDeploymentPostprocessing = 0;
		};
		OBJ_157 /* Frameworks */ = {
			isa = PBXFrameworksBuildPhase;
			buildActionMask = 0;
			files = (
				OBJ_158 /* Files.framework in Frameworks */,
				OBJ_159 /* Commander.framework in Frameworks */,
				OBJ_160 /* Stencil.framework in Frameworks */,
				OBJ_161 /* PathKit.framework in Frameworks */,
			);
			runOnlyForDeploymentPostprocessing = 0;
		};
		OBJ_80 /* Frameworks */ = {
			isa = PBXFrameworksBuildPhase;
			buildActionMask = 0;
			files = (
			);
			runOnlyForDeploymentPostprocessing = 0;
		};
		OBJ_93 /* Frameworks */ = {
			isa = PBXFrameworksBuildPhase;
			buildActionMask = 0;
			files = (
			);
			runOnlyForDeploymentPostprocessing = 0;
		};
/* End PBXFrameworksBuildPhase section */

/* Begin PBXGroup section */
		OBJ_14 /* Tests */ = {
			isa = PBXGroup;
			children = (
			);
			name = Tests;
			sourceTree = SOURCE_ROOT;
		};
		OBJ_15 /* Dependencies */ = {
			isa = PBXGroup;
			children = (
				OBJ_16 /* Files 4.0.2 */,
				OBJ_19 /* Stencil 0.13.1 */,
				OBJ_41 /* PathKit 0.9.2 */,
				OBJ_44 /* Commander 0.9.1 */,
			);
			name = Dependencies;
			sourceTree = "<group>";
		};
		OBJ_16 /* Files 4.0.2 */ = {
			isa = PBXGroup;
			children = (
				OBJ_17 /* Package.swift */,
				OBJ_18 /* Files.swift */,
			);
			name = "Files 4.0.2";
			path = .build/checkouts/Files/Sources;
			sourceTree = SOURCE_ROOT;
		};
		OBJ_19 /* Stencil 0.13.1 */ = {
			isa = PBXGroup;
			children = (
				OBJ_20 /* Package.swift */,
				OBJ_21 /* Context.swift */,
				OBJ_22 /* Environment.swift */,
				OBJ_23 /* Errors.swift */,
				OBJ_24 /* Expression.swift */,
				OBJ_25 /* Extension.swift */,
				OBJ_26 /* FilterTag.swift */,
				OBJ_27 /* Filters.swift */,
				OBJ_28 /* ForTag.swift */,
				OBJ_29 /* IfTag.swift */,
				OBJ_30 /* Include.swift */,
				OBJ_31 /* Inheritence.swift */,
				OBJ_32 /* KeyPath.swift */,
				OBJ_33 /* Lexer.swift */,
				OBJ_34 /* Loader.swift */,
				OBJ_35 /* Node.swift */,
				OBJ_36 /* NowTag.swift */,
				OBJ_37 /* Parser.swift */,
				OBJ_38 /* Template.swift */,
				OBJ_39 /* Tokenizer.swift */,
				OBJ_40 /* Variable.swift */,
			);
			name = "Stencil 0.13.1";
			path = .build/checkouts/Stencil/Sources;
			sourceTree = SOURCE_ROOT;
		};
		OBJ_41 /* PathKit 0.9.2 */ = {
			isa = PBXGroup;
			children = (
				OBJ_42 /* Package.swift */,
				OBJ_43 /* PathKit.swift */,
			);
			name = "PathKit 0.9.2";
			path = .build/checkouts/PathKit/Sources;
			sourceTree = SOURCE_ROOT;
		};
		OBJ_44 /* Commander 0.9.1 */ = {
			isa = PBXGroup;
			children = (
				OBJ_45 /* Commander */,
				OBJ_55 /* Package.swift */,
			);
			name = "Commander 0.9.1";
			sourceTree = SOURCE_ROOT;
		};
		OBJ_45 /* Commander */ = {
			isa = PBXGroup;
			children = (
				OBJ_46 /* ArgumentConvertible.swift */,
				OBJ_47 /* ArgumentDescription.swift */,
				OBJ_48 /* ArgumentParser.swift */,
				OBJ_49 /* Command.swift */,
				OBJ_50 /* CommandRunner.swift */,
				OBJ_51 /* CommandType.swift */,
				OBJ_52 /* Commands.swift */,
				OBJ_53 /* Error.swift */,
				OBJ_54 /* Group.swift */,
			);
			name = Commander;
			path = .build/checkouts/Commander/Sources/Commander;
			sourceTree = SOURCE_ROOT;
		};
		OBJ_5 /*  */ = {
			isa = PBXGroup;
			children = (
				OBJ_6 /* Package.swift */,
				OBJ_7 /* Sources */,
				OBJ_14 /* Tests */,
				OBJ_15 /* Dependencies */,
				OBJ_56 /* Products */,
				OBJ_62 /* vipergen_templates */,
				OBJ_63 /* Formula */,
				OBJ_64 /* Makefile */,
				OBJ_65 /* README.md */,
			);
			name = "";
			sourceTree = "<group>";
		};
		OBJ_56 /* Products */ = {
			isa = PBXGroup;
			children = (
				"Commander::Commander::Product" /* Commander.framework */,
				"Stencil::Stencil::Product" /* Stencil.framework */,
				"PathKit::PathKit::Product" /* PathKit.framework */,
				"Files::Files::Product" /* Files.framework */,
				"vipergen::vipergen::Product" /* vipergen */,
			);
			name = Products;
			sourceTree = BUILT_PRODUCTS_DIR;
		};
		OBJ_7 /* Sources */ = {
			isa = PBXGroup;
			children = (
				OBJ_8 /* vipergen */,
			);
			name = Sources;
			sourceTree = SOURCE_ROOT;
		};
		OBJ_8 /* vipergen */ = {
			isa = PBXGroup;
			children = (
				OBJ_9 /* TemplateRenderer.swift */,
				OBJ_10 /* TemplateRendererStencil.swift */,
				OBJ_11 /* Vipergen.swift */,
				OBJ_12 /* VipergenConfiguration.swift */,
				OBJ_13 /* main.swift */,
			);
			name = vipergen;
			path = Sources/vipergen;
			sourceTree = SOURCE_ROOT;
		};
/* End PBXGroup section */

/* Begin PBXNativeTarget section */
		"Commander::Commander" /* Commander */ = {
			isa = PBXNativeTarget;
			buildConfigurationList = OBJ_67 /* Build configuration list for PBXNativeTarget "Commander" */;
			buildPhases = (
				OBJ_70 /* Sources */,
				OBJ_80 /* Frameworks */,
			);
			buildRules = (
			);
			dependencies = (
			);
			name = Commander;
			productName = Commander;
			productReference = "Commander::Commander::Product" /* Commander.framework */;
			productType = "com.apple.product-type.framework";
		};
		"Commander::SwiftPMPackageDescription" /* CommanderPackageDescription */ = {
			isa = PBXNativeTarget;
			buildConfigurationList = OBJ_82 /* Build configuration list for PBXNativeTarget "CommanderPackageDescription" */;
			buildPhases = (
				OBJ_85 /* Sources */,
			);
			buildRules = (
			);
			dependencies = (
			);
			name = CommanderPackageDescription;
			productName = CommanderPackageDescription;
			productType = "com.apple.product-type.framework";
		};
		"Files::Files" /* Files */ = {
			isa = PBXNativeTarget;
			buildConfigurationList = OBJ_88 /* Build configuration list for PBXNativeTarget "Files" */;
			buildPhases = (
				OBJ_91 /* Sources */,
				OBJ_93 /* Frameworks */,
			);
			buildRules = (
			);
			dependencies = (
			);
			name = Files;
			productName = Files;
			productReference = "Files::Files::Product" /* Files.framework */;
			productType = "com.apple.product-type.framework";
		};
		"Files::SwiftPMPackageDescription" /* FilesPackageDescription */ = {
			isa = PBXNativeTarget;
			buildConfigurationList = OBJ_95 /* Build configuration list for PBXNativeTarget "FilesPackageDescription" */;
			buildPhases = (
				OBJ_98 /* Sources */,
			);
			buildRules = (
			);
			dependencies = (
			);
			name = FilesPackageDescription;
			productName = FilesPackageDescription;
			productType = "com.apple.product-type.framework";
		};
		"PathKit::PathKit" /* PathKit */ = {
			isa = PBXNativeTarget;
			buildConfigurationList = OBJ_101 /* Build configuration list for PBXNativeTarget "PathKit" */;
			buildPhases = (
				OBJ_104 /* Sources */,
				OBJ_106 /* Frameworks */,
			);
			buildRules = (
			);
			dependencies = (
			);
			name = PathKit;
			productName = PathKit;
			productReference = "PathKit::PathKit::Product" /* PathKit.framework */;
			productType = "com.apple.product-type.framework";
		};
		"PathKit::SwiftPMPackageDescription" /* PathKitPackageDescription */ = {
			isa = PBXNativeTarget;
			buildConfigurationList = OBJ_108 /* Build configuration list for PBXNativeTarget "PathKitPackageDescription" */;
			buildPhases = (
				OBJ_111 /* Sources */,
			);
			buildRules = (
			);
			dependencies = (
			);
			name = PathKitPackageDescription;
			productName = PathKitPackageDescription;
			productType = "com.apple.product-type.framework";
		};
		"Stencil::Stencil" /* Stencil */ = {
			isa = PBXNativeTarget;
			buildConfigurationList = OBJ_114 /* Build configuration list for PBXNativeTarget "Stencil" */;
			buildPhases = (
				OBJ_117 /* Sources */,
				OBJ_138 /* Frameworks */,
			);
			buildRules = (
			);
			dependencies = (
				OBJ_140 /* PBXTargetDependency */,
			);
			name = Stencil;
			productName = Stencil;
			productReference = "Stencil::Stencil::Product" /* Stencil.framework */;
			productType = "com.apple.product-type.framework";
		};
		"Stencil::SwiftPMPackageDescription" /* StencilPackageDescription */ = {
			isa = PBXNativeTarget;
			buildConfigurationList = OBJ_142 /* Build configuration list for PBXNativeTarget "StencilPackageDescription" */;
			buildPhases = (
				OBJ_145 /* Sources */,
			);
			buildRules = (
			);
			dependencies = (
			);
			name = StencilPackageDescription;
			productName = StencilPackageDescription;
			productType = "com.apple.product-type.framework";
		};
		"vipergen::SwiftPMPackageDescription" /* vipergenPackageDescription */ = {
			isa = PBXNativeTarget;
			buildConfigurationList = OBJ_167 /* Build configuration list for PBXNativeTarget "vipergenPackageDescription" */;
			buildPhases = (
				OBJ_170 /* Sources */,
			);
			buildRules = (
			);
			dependencies = (
			);
			name = vipergenPackageDescription;
			productName = vipergenPackageDescription;
			productType = "com.apple.product-type.framework";
		};
		"vipergen::vipergen" /* vipergen */ = {
			isa = PBXNativeTarget;
			buildConfigurationList = OBJ_148 /* Build configuration list for PBXNativeTarget "vipergen" */;
			buildPhases = (
				OBJ_151 /* Sources */,
				OBJ_157 /* Frameworks */,
			);
			buildRules = (
			);
			dependencies = (
				OBJ_162 /* PBXTargetDependency */,
				OBJ_163 /* PBXTargetDependency */,
				OBJ_164 /* PBXTargetDependency */,
				OBJ_165 /* PBXTargetDependency */,
			);
			name = vipergen;
			productName = vipergen;
			productReference = "vipergen::vipergen::Product" /* vipergen */;
			productType = "com.apple.product-type.tool";
		};
/* End PBXNativeTarget section */

/* Begin PBXProject section */
		OBJ_1 /* Project object */ = {
			isa = PBXProject;
			attributes = {
				LastSwiftMigration = 9999;
				LastUpgradeCheck = 9999;
			};
			buildConfigurationList = OBJ_2 /* Build configuration list for PBXProject "vipergen" */;
			compatibilityVersion = "Xcode 3.2";
			developmentRegion = en;
			hasScannedForEncodings = 0;
			knownRegions = (
				en,
			);
			mainGroup = OBJ_5 /*  */;
			productRefGroup = OBJ_56 /* Products */;
			projectDirPath = "";
			projectRoot = "";
			targets = (
				"Commander::Commander" /* Commander */,
				"Commander::SwiftPMPackageDescription" /* CommanderPackageDescription */,
				"Files::Files" /* Files */,
				"Files::SwiftPMPackageDescription" /* FilesPackageDescription */,
				"PathKit::PathKit" /* PathKit */,
				"PathKit::SwiftPMPackageDescription" /* PathKitPackageDescription */,
				"Stencil::Stencil" /* Stencil */,
				"Stencil::SwiftPMPackageDescription" /* StencilPackageDescription */,
				"vipergen::vipergen" /* vipergen */,
				"vipergen::SwiftPMPackageDescription" /* vipergenPackageDescription */,
			);
		};
/* End PBXProject section */

/* Begin PBXSourcesBuildPhase section */
		OBJ_104 /* Sources */ = {
			isa = PBXSourcesBuildPhase;
			buildActionMask = 0;
			files = (
				OBJ_105 /* PathKit.swift in Sources */,
			);
			runOnlyForDeploymentPostprocessing = 0;
		};
		OBJ_111 /* Sources */ = {
			isa = PBXSourcesBuildPhase;
			buildActionMask = 0;
			files = (
				OBJ_112 /* Package.swift in Sources */,
			);
			runOnlyForDeploymentPostprocessing = 0;
		};
		OBJ_117 /* Sources */ = {
			isa = PBXSourcesBuildPhase;
			buildActionMask = 0;
			files = (
				OBJ_118 /* Context.swift in Sources */,
				OBJ_119 /* Environment.swift in Sources */,
				OBJ_120 /* Errors.swift in Sources */,
				OBJ_121 /* Expression.swift in Sources */,
				OBJ_122 /* Extension.swift in Sources */,
				OBJ_123 /* FilterTag.swift in Sources */,
				OBJ_124 /* Filters.swift in Sources */,
				OBJ_125 /* ForTag.swift in Sources */,
				OBJ_126 /* IfTag.swift in Sources */,
				OBJ_127 /* Include.swift in Sources */,
				OBJ_128 /* Inheritence.swift in Sources */,
				OBJ_129 /* KeyPath.swift in Sources */,
				OBJ_130 /* Lexer.swift in Sources */,
				OBJ_131 /* Loader.swift in Sources */,
				OBJ_132 /* Node.swift in Sources */,
				OBJ_133 /* NowTag.swift in Sources */,
				OBJ_134 /* Parser.swift in Sources */,
				OBJ_135 /* Template.swift in Sources */,
				OBJ_136 /* Tokenizer.swift in Sources */,
				OBJ_137 /* Variable.swift in Sources */,
			);
			runOnlyForDeploymentPostprocessing = 0;
		};
		OBJ_145 /* Sources */ = {
			isa = PBXSourcesBuildPhase;
			buildActionMask = 0;
			files = (
				OBJ_146 /* Package.swift in Sources */,
			);
			runOnlyForDeploymentPostprocessing = 0;
		};
		OBJ_151 /* Sources */ = {
			isa = PBXSourcesBuildPhase;
			buildActionMask = 0;
			files = (
				OBJ_152 /* TemplateRenderer.swift in Sources */,
				OBJ_153 /* TemplateRendererStencil.swift in Sources */,
				OBJ_154 /* Vipergen.swift in Sources */,
				OBJ_155 /* VipergenConfiguration.swift in Sources */,
				OBJ_156 /* main.swift in Sources */,
			);
			runOnlyForDeploymentPostprocessing = 0;
		};
		OBJ_170 /* Sources */ = {
			isa = PBXSourcesBuildPhase;
			buildActionMask = 0;
			files = (
				OBJ_171 /* Package.swift in Sources */,
			);
			runOnlyForDeploymentPostprocessing = 0;
		};
		OBJ_70 /* Sources */ = {
			isa = PBXSourcesBuildPhase;
			buildActionMask = 0;
			files = (
				OBJ_71 /* ArgumentConvertible.swift in Sources */,
				OBJ_72 /* ArgumentDescription.swift in Sources */,
				OBJ_73 /* ArgumentParser.swift in Sources */,
				OBJ_74 /* Command.swift in Sources */,
				OBJ_75 /* CommandRunner.swift in Sources */,
				OBJ_76 /* CommandType.swift in Sources */,
				OBJ_77 /* Commands.swift in Sources */,
				OBJ_78 /* Error.swift in Sources */,
				OBJ_79 /* Group.swift in Sources */,
			);
			runOnlyForDeploymentPostprocessing = 0;
		};
		OBJ_85 /* Sources */ = {
			isa = PBXSourcesBuildPhase;
			buildActionMask = 0;
			files = (
				OBJ_86 /* Package.swift in Sources */,
			);
			runOnlyForDeploymentPostprocessing = 0;
		};
		OBJ_91 /* Sources */ = {
			isa = PBXSourcesBuildPhase;
			buildActionMask = 0;
			files = (
				OBJ_92 /* Files.swift in Sources */,
			);
			runOnlyForDeploymentPostprocessing = 0;
		};
		OBJ_98 /* Sources */ = {
			isa = PBXSourcesBuildPhase;
			buildActionMask = 0;
			files = (
				OBJ_99 /* Package.swift in Sources */,
			);
			runOnlyForDeploymentPostprocessing = 0;
		};
/* End PBXSourcesBuildPhase section */

/* Begin PBXTargetDependency section */
		OBJ_140 /* PBXTargetDependency */ = {
			isa = PBXTargetDependency;
			target = "PathKit::PathKit" /* PathKit */;
			targetProxy = 9FE920E823B6A5D500D514CF /* PBXContainerItemProxy */;
		};
		OBJ_162 /* PBXTargetDependency */ = {
			isa = PBXTargetDependency;
			target = "Files::Files" /* Files */;
			targetProxy = 9FE920E523B6A5D500D514CF /* PBXContainerItemProxy */;
		};
		OBJ_163 /* PBXTargetDependency */ = {
			isa = PBXTargetDependency;
			target = "Commander::Commander" /* Commander */;
			targetProxy = 9FE920E623B6A5D500D514CF /* PBXContainerItemProxy */;
		};
		OBJ_164 /* PBXTargetDependency */ = {
			isa = PBXTargetDependency;
			target = "Stencil::Stencil" /* Stencil */;
			targetProxy = 9FE920E723B6A5D500D514CF /* PBXContainerItemProxy */;
		};
		OBJ_165 /* PBXTargetDependency */ = {
			isa = PBXTargetDependency;
			target = "PathKit::PathKit" /* PathKit */;
			targetProxy = 9FE920E923B6A5D500D514CF /* PBXContainerItemProxy */;
		};
/* End PBXTargetDependency section */

/* Begin XCBuildConfiguration section */
		OBJ_102 /* Debug */ = {
			isa = XCBuildConfiguration;
			buildSettings = {
				ENABLE_TESTABILITY = YES;
				FRAMEWORK_SEARCH_PATHS = (
					"$(inherited)",
					"$(PLATFORM_DIR)/Developer/Library/Frameworks",
				);
				HEADER_SEARCH_PATHS = "$(inherited)";
				INFOPLIST_FILE = vipergen.xcodeproj/PathKit_Info.plist;
				LD_RUNPATH_SEARCH_PATHS = "$(inherited) $(TOOLCHAIN_DIR)/usr/lib/swift/macosx";
				OTHER_CFLAGS = "$(inherited)";
				OTHER_LDFLAGS = "$(inherited)";
				OTHER_SWIFT_FLAGS = "$(inherited)";
				PRODUCT_BUNDLE_IDENTIFIER = PathKit;
				PRODUCT_MODULE_NAME = "$(TARGET_NAME:c99extidentifier)";
				PRODUCT_NAME = "$(TARGET_NAME:c99extidentifier)";
				SKIP_INSTALL = YES;
				SWIFT_ACTIVE_COMPILATION_CONDITIONS = "$(inherited)";
				SWIFT_VERSION = 4.2;
				TARGET_NAME = PathKit;
			};
			name = Debug;
		};
		OBJ_103 /* Release */ = {
			isa = XCBuildConfiguration;
			buildSettings = {
				ENABLE_TESTABILITY = YES;
				FRAMEWORK_SEARCH_PATHS = (
					"$(inherited)",
					"$(PLATFORM_DIR)/Developer/Library/Frameworks",
				);
				HEADER_SEARCH_PATHS = "$(inherited)";
				INFOPLIST_FILE = vipergen.xcodeproj/PathKit_Info.plist;
				LD_RUNPATH_SEARCH_PATHS = "$(inherited) $(TOOLCHAIN_DIR)/usr/lib/swift/macosx";
				OTHER_CFLAGS = "$(inherited)";
				OTHER_LDFLAGS = "$(inherited)";
				OTHER_SWIFT_FLAGS = "$(inherited)";
				PRODUCT_BUNDLE_IDENTIFIER = PathKit;
				PRODUCT_MODULE_NAME = "$(TARGET_NAME:c99extidentifier)";
				PRODUCT_NAME = "$(TARGET_NAME:c99extidentifier)";
				SKIP_INSTALL = YES;
				SWIFT_ACTIVE_COMPILATION_CONDITIONS = "$(inherited)";
				SWIFT_VERSION = 4.2;
				TARGET_NAME = PathKit;
			};
			name = Release;
		};
		OBJ_109 /* Debug */ = {
			isa = XCBuildConfiguration;
			buildSettings = {
				LD = /usr/bin/true;
				OTHER_SWIFT_FLAGS = "-swift-version 4.2 -I $(TOOLCHAIN_DIR)/usr/lib/swift/pm/4_2 -target x86_64-apple-macosx10.10 -sdk /Applications/Xcode.app/Contents/Developer/Platforms/MacOSX.platform/Developer/SDKs/MacOSX10.15.sdk -package-description-version 4.2";
				SWIFT_VERSION = 4.2;
			};
			name = Debug;
		};
		OBJ_110 /* Release */ = {
			isa = XCBuildConfiguration;
			buildSettings = {
				LD = /usr/bin/true;
				OTHER_SWIFT_FLAGS = "-swift-version 4.2 -I $(TOOLCHAIN_DIR)/usr/lib/swift/pm/4_2 -target x86_64-apple-macosx10.10 -sdk /Applications/Xcode.app/Contents/Developer/Platforms/MacOSX.platform/Developer/SDKs/MacOSX10.15.sdk -package-description-version 4.2";
				SWIFT_VERSION = 4.2;
			};
			name = Release;
		};
		OBJ_115 /* Debug */ = {
			isa = XCBuildConfiguration;
			buildSettings = {
				ENABLE_TESTABILITY = YES;
				FRAMEWORK_SEARCH_PATHS = (
					"$(inherited)",
					"$(PLATFORM_DIR)/Developer/Library/Frameworks",
				);
				HEADER_SEARCH_PATHS = "$(inherited)";
				INFOPLIST_FILE = vipergen.xcodeproj/Stencil_Info.plist;
				LD_RUNPATH_SEARCH_PATHS = "$(inherited) $(TOOLCHAIN_DIR)/usr/lib/swift/macosx";
				OTHER_CFLAGS = "$(inherited)";
				OTHER_LDFLAGS = "$(inherited)";
				OTHER_SWIFT_FLAGS = "$(inherited)";
				PRODUCT_BUNDLE_IDENTIFIER = Stencil;
				PRODUCT_MODULE_NAME = "$(TARGET_NAME:c99extidentifier)";
				PRODUCT_NAME = "$(TARGET_NAME:c99extidentifier)";
				SKIP_INSTALL = YES;
				SWIFT_ACTIVE_COMPILATION_CONDITIONS = "$(inherited)";
				SWIFT_VERSION = 4.2;
				TARGET_NAME = Stencil;
			};
			name = Debug;
		};
		OBJ_116 /* Release */ = {
			isa = XCBuildConfiguration;
			buildSettings = {
				ENABLE_TESTABILITY = YES;
				FRAMEWORK_SEARCH_PATHS = (
					"$(inherited)",
					"$(PLATFORM_DIR)/Developer/Library/Frameworks",
				);
				HEADER_SEARCH_PATHS = "$(inherited)";
				INFOPLIST_FILE = vipergen.xcodeproj/Stencil_Info.plist;
				LD_RUNPATH_SEARCH_PATHS = "$(inherited) $(TOOLCHAIN_DIR)/usr/lib/swift/macosx";
				OTHER_CFLAGS = "$(inherited)";
				OTHER_LDFLAGS = "$(inherited)";
				OTHER_SWIFT_FLAGS = "$(inherited)";
				PRODUCT_BUNDLE_IDENTIFIER = Stencil;
				PRODUCT_MODULE_NAME = "$(TARGET_NAME:c99extidentifier)";
				PRODUCT_NAME = "$(TARGET_NAME:c99extidentifier)";
				SKIP_INSTALL = YES;
				SWIFT_ACTIVE_COMPILATION_CONDITIONS = "$(inherited)";
				SWIFT_VERSION = 4.2;
				TARGET_NAME = Stencil;
			};
			name = Release;
		};
		OBJ_143 /* Debug */ = {
			isa = XCBuildConfiguration;
			buildSettings = {
				LD = /usr/bin/true;
				OTHER_SWIFT_FLAGS = "-swift-version 4.2 -I $(TOOLCHAIN_DIR)/usr/lib/swift/pm/4_2 -target x86_64-apple-macosx10.10 -sdk /Applications/Xcode.app/Contents/Developer/Platforms/MacOSX.platform/Developer/SDKs/MacOSX10.15.sdk -package-description-version 4.2";
				SWIFT_VERSION = 4.2;
			};
			name = Debug;
		};
		OBJ_144 /* Release */ = {
			isa = XCBuildConfiguration;
			buildSettings = {
				LD = /usr/bin/true;
				OTHER_SWIFT_FLAGS = "-swift-version 4.2 -I $(TOOLCHAIN_DIR)/usr/lib/swift/pm/4_2 -target x86_64-apple-macosx10.10 -sdk /Applications/Xcode.app/Contents/Developer/Platforms/MacOSX.platform/Developer/SDKs/MacOSX10.15.sdk -package-description-version 4.2";
				SWIFT_VERSION = 4.2;
			};
			name = Release;
		};
		OBJ_149 /* Debug */ = {
			isa = XCBuildConfiguration;
			buildSettings = {
				FRAMEWORK_SEARCH_PATHS = (
					"$(inherited)",
					"$(PLATFORM_DIR)/Developer/Library/Frameworks",
				);
				HEADER_SEARCH_PATHS = "$(inherited)";
				INFOPLIST_FILE = vipergen.xcodeproj/vipergen_Info.plist;
				LD_RUNPATH_SEARCH_PATHS = "$(inherited) $(TOOLCHAIN_DIR)/usr/lib/swift/macosx @executable_path";
				MACOSX_DEPLOYMENT_TARGET = 10.14;
				OTHER_CFLAGS = "$(inherited)";
				OTHER_LDFLAGS = "$(inherited)";
				OTHER_SWIFT_FLAGS = "$(inherited)";
				SWIFT_ACTIVE_COMPILATION_CONDITIONS = "$(inherited)";
				SWIFT_FORCE_DYNAMIC_LINK_STDLIB = YES;
				SWIFT_FORCE_STATIC_LINK_STDLIB = NO;
				SWIFT_VERSION = 5.0;
				TARGET_NAME = vipergen;
			};
			name = Debug;
		};
		OBJ_150 /* Release */ = {
			isa = XCBuildConfiguration;
			buildSettings = {
				FRAMEWORK_SEARCH_PATHS = (
					"$(inherited)",
					"$(PLATFORM_DIR)/Developer/Library/Frameworks",
				);
				HEADER_SEARCH_PATHS = "$(inherited)";
				INFOPLIST_FILE = vipergen.xcodeproj/vipergen_Info.plist;
				LD_RUNPATH_SEARCH_PATHS = "$(inherited) $(TOOLCHAIN_DIR)/usr/lib/swift/macosx @executable_path";
				MACOSX_DEPLOYMENT_TARGET = 10.14;
				OTHER_CFLAGS = "$(inherited)";
				OTHER_LDFLAGS = "$(inherited)";
				OTHER_SWIFT_FLAGS = "$(inherited)";
				SWIFT_ACTIVE_COMPILATION_CONDITIONS = "$(inherited)";
				SWIFT_FORCE_DYNAMIC_LINK_STDLIB = YES;
				SWIFT_FORCE_STATIC_LINK_STDLIB = NO;
				SWIFT_VERSION = 5.0;
				TARGET_NAME = vipergen;
			};
			name = Release;
		};
		OBJ_168 /* Debug */ = {
			isa = XCBuildConfiguration;
			buildSettings = {
				LD = /usr/bin/true;
				OTHER_SWIFT_FLAGS = "-swift-version 4 -I $(TOOLCHAIN_DIR)/usr/lib/swift/pm/4 -target x86_64-apple-macosx10.10 -sdk /Applications/Xcode.app/Contents/Developer/Platforms/MacOSX.platform/Developer/SDKs/MacOSX10.15.sdk -package-description-version 4";
				SWIFT_VERSION = 4.0;
			};
			name = Debug;
		};
		OBJ_169 /* Release */ = {
			isa = XCBuildConfiguration;
			buildSettings = {
				LD = /usr/bin/true;
				OTHER_SWIFT_FLAGS = "-swift-version 4 -I $(TOOLCHAIN_DIR)/usr/lib/swift/pm/4 -target x86_64-apple-macosx10.10 -sdk /Applications/Xcode.app/Contents/Developer/Platforms/MacOSX.platform/Developer/SDKs/MacOSX10.15.sdk -package-description-version 4";
				SWIFT_VERSION = 4.0;
			};
			name = Release;
		};
		OBJ_3 /* Debug */ = {
			isa = XCBuildConfiguration;
			buildSettings = {
				CLANG_ENABLE_OBJC_ARC = YES;
				COMBINE_HIDPI_IMAGES = YES;
				COPY_PHASE_STRIP = NO;
				DEBUG_INFORMATION_FORMAT = dwarf;
				DYLIB_INSTALL_NAME_BASE = "@rpath";
				ENABLE_NS_ASSERTIONS = YES;
				GCC_OPTIMIZATION_LEVEL = 0;
				GCC_PREPROCESSOR_DEFINITIONS = (
					"$(inherited)",
					"SWIFT_PACKAGE=1",
					"DEBUG=1",
				);
				MACOSX_DEPLOYMENT_TARGET = 10.10;
				ONLY_ACTIVE_ARCH = YES;
				OTHER_SWIFT_FLAGS = "$(inherited) -DXcode";
				PRODUCT_NAME = "$(TARGET_NAME)";
				SDKROOT = macosx;
				SUPPORTED_PLATFORMS = "macosx iphoneos iphonesimulator appletvos appletvsimulator watchos watchsimulator";
				SWIFT_ACTIVE_COMPILATION_CONDITIONS = "$(inherited) SWIFT_PACKAGE DEBUG";
				SWIFT_OPTIMIZATION_LEVEL = "-Onone";
				USE_HEADERMAP = NO;
			};
			name = Debug;
		};
		OBJ_4 /* Release */ = {
			isa = XCBuildConfiguration;
			buildSettings = {
				CLANG_ENABLE_OBJC_ARC = YES;
				COMBINE_HIDPI_IMAGES = YES;
				COPY_PHASE_STRIP = YES;
				DEBUG_INFORMATION_FORMAT = "dwarf-with-dsym";
				DYLIB_INSTALL_NAME_BASE = "@rpath";
				GCC_OPTIMIZATION_LEVEL = s;
				GCC_PREPROCESSOR_DEFINITIONS = (
					"$(inherited)",
					"SWIFT_PACKAGE=1",
				);
				MACOSX_DEPLOYMENT_TARGET = 10.10;
				OTHER_SWIFT_FLAGS = "$(inherited) -DXcode";
				PRODUCT_NAME = "$(TARGET_NAME)";
				SDKROOT = macosx;
				SUPPORTED_PLATFORMS = "macosx iphoneos iphonesimulator appletvos appletvsimulator watchos watchsimulator";
				SWIFT_ACTIVE_COMPILATION_CONDITIONS = "$(inherited) SWIFT_PACKAGE";
				SWIFT_OPTIMIZATION_LEVEL = "-Owholemodule";
				USE_HEADERMAP = NO;
			};
			name = Release;
		};
		OBJ_68 /* Debug */ = {
			isa = XCBuildConfiguration;
			buildSettings = {
				ENABLE_TESTABILITY = YES;
				FRAMEWORK_SEARCH_PATHS = (
					"$(inherited)",
					"$(PLATFORM_DIR)/Developer/Library/Frameworks",
				);
				HEADER_SEARCH_PATHS = "$(inherited)";
				INFOPLIST_FILE = vipergen.xcodeproj/Commander_Info.plist;
				LD_RUNPATH_SEARCH_PATHS = "$(inherited) $(TOOLCHAIN_DIR)/usr/lib/swift/macosx";
				OTHER_CFLAGS = "$(inherited)";
				OTHER_LDFLAGS = "$(inherited)";
				OTHER_SWIFT_FLAGS = "$(inherited)";
				PRODUCT_BUNDLE_IDENTIFIER = Commander;
				PRODUCT_MODULE_NAME = "$(TARGET_NAME:c99extidentifier)";
				PRODUCT_NAME = "$(TARGET_NAME:c99extidentifier)";
				SKIP_INSTALL = YES;
				SWIFT_ACTIVE_COMPILATION_CONDITIONS = "$(inherited)";
				SWIFT_VERSION = 4.0;
				TARGET_NAME = Commander;
			};
			name = Debug;
		};
		OBJ_69 /* Release */ = {
			isa = XCBuildConfiguration;
			buildSettings = {
				ENABLE_TESTABILITY = YES;
				FRAMEWORK_SEARCH_PATHS = (
					"$(inherited)",
					"$(PLATFORM_DIR)/Developer/Library/Frameworks",
				);
				HEADER_SEARCH_PATHS = "$(inherited)";
				INFOPLIST_FILE = vipergen.xcodeproj/Commander_Info.plist;
				LD_RUNPATH_SEARCH_PATHS = "$(inherited) $(TOOLCHAIN_DIR)/usr/lib/swift/macosx";
				OTHER_CFLAGS = "$(inherited)";
				OTHER_LDFLAGS = "$(inherited)";
				OTHER_SWIFT_FLAGS = "$(inherited)";
				PRODUCT_BUNDLE_IDENTIFIER = Commander;
				PRODUCT_MODULE_NAME = "$(TARGET_NAME:c99extidentifier)";
				PRODUCT_NAME = "$(TARGET_NAME:c99extidentifier)";
				SKIP_INSTALL = YES;
				SWIFT_ACTIVE_COMPILATION_CONDITIONS = "$(inherited)";
				SWIFT_VERSION = 4.0;
				TARGET_NAME = Commander;
			};
			name = Release;
		};
		OBJ_83 /* Debug */ = {
			isa = XCBuildConfiguration;
			buildSettings = {
				LD = /usr/bin/true;
				OTHER_SWIFT_FLAGS = "-swift-version 4 -I $(TOOLCHAIN_DIR)/usr/lib/swift/pm/4 -target x86_64-apple-macosx10.10 -sdk /Applications/Xcode.app/Contents/Developer/Platforms/MacOSX.platform/Developer/SDKs/MacOSX10.15.sdk -package-description-version 4";
				SWIFT_VERSION = 4.0;
			};
			name = Debug;
		};
		OBJ_84 /* Release */ = {
			isa = XCBuildConfiguration;
			buildSettings = {
				LD = /usr/bin/true;
				OTHER_SWIFT_FLAGS = "-swift-version 4 -I $(TOOLCHAIN_DIR)/usr/lib/swift/pm/4 -target x86_64-apple-macosx10.10 -sdk /Applications/Xcode.app/Contents/Developer/Platforms/MacOSX.platform/Developer/SDKs/MacOSX10.15.sdk -package-description-version 4";
				SWIFT_VERSION = 4.0;
			};
			name = Release;
		};
		OBJ_89 /* Debug */ = {
			isa = XCBuildConfiguration;
			buildSettings = {
				ENABLE_TESTABILITY = YES;
				FRAMEWORK_SEARCH_PATHS = (
					"$(inherited)",
					"$(PLATFORM_DIR)/Developer/Library/Frameworks",
				);
				HEADER_SEARCH_PATHS = "$(inherited)";
				INFOPLIST_FILE = vipergen.xcodeproj/Files_Info.plist;
				IPHONEOS_DEPLOYMENT_TARGET = 8.0;
				LD_RUNPATH_SEARCH_PATHS = "$(inherited) $(TOOLCHAIN_DIR)/usr/lib/swift/macosx";
				MACOSX_DEPLOYMENT_TARGET = 10.10;
				OTHER_CFLAGS = "$(inherited)";
				OTHER_LDFLAGS = "$(inherited)";
				OTHER_SWIFT_FLAGS = "$(inherited)";
				PRODUCT_BUNDLE_IDENTIFIER = Files;
				PRODUCT_MODULE_NAME = "$(TARGET_NAME:c99extidentifier)";
				PRODUCT_NAME = "$(TARGET_NAME:c99extidentifier)";
				SKIP_INSTALL = YES;
				SWIFT_ACTIVE_COMPILATION_CONDITIONS = "$(inherited)";
				SWIFT_VERSION = 5.0;
				TARGET_NAME = Files;
				TVOS_DEPLOYMENT_TARGET = 9.0;
				WATCHOS_DEPLOYMENT_TARGET = 2.0;
			};
			name = Debug;
		};
		OBJ_90 /* Release */ = {
			isa = XCBuildConfiguration;
			buildSettings = {
				ENABLE_TESTABILITY = YES;
				FRAMEWORK_SEARCH_PATHS = (
					"$(inherited)",
					"$(PLATFORM_DIR)/Developer/Library/Frameworks",
				);
				HEADER_SEARCH_PATHS = "$(inherited)";
				INFOPLIST_FILE = vipergen.xcodeproj/Files_Info.plist;
				IPHONEOS_DEPLOYMENT_TARGET = 8.0;
				LD_RUNPATH_SEARCH_PATHS = "$(inherited) $(TOOLCHAIN_DIR)/usr/lib/swift/macosx";
				MACOSX_DEPLOYMENT_TARGET = 10.10;
				OTHER_CFLAGS = "$(inherited)";
				OTHER_LDFLAGS = "$(inherited)";
				OTHER_SWIFT_FLAGS = "$(inherited)";
				PRODUCT_BUNDLE_IDENTIFIER = Files;
				PRODUCT_MODULE_NAME = "$(TARGET_NAME:c99extidentifier)";
				PRODUCT_NAME = "$(TARGET_NAME:c99extidentifier)";
				SKIP_INSTALL = YES;
				SWIFT_ACTIVE_COMPILATION_CONDITIONS = "$(inherited)";
				SWIFT_VERSION = 5.0;
				TARGET_NAME = Files;
				TVOS_DEPLOYMENT_TARGET = 9.0;
				WATCHOS_DEPLOYMENT_TARGET = 2.0;
			};
			name = Release;
		};
		OBJ_96 /* Debug */ = {
			isa = XCBuildConfiguration;
			buildSettings = {
				LD = /usr/bin/true;
				OTHER_SWIFT_FLAGS = "-swift-version 5 -I $(TOOLCHAIN_DIR)/usr/lib/swift/pm/4_2 -target x86_64-apple-macosx10.10 -sdk /Applications/Xcode.app/Contents/Developer/Platforms/MacOSX.platform/Developer/SDKs/MacOSX10.15.sdk -package-description-version 5";
				SWIFT_VERSION = 5.0;
			};
			name = Debug;
		};
		OBJ_97 /* Release */ = {
			isa = XCBuildConfiguration;
			buildSettings = {
				LD = /usr/bin/true;
				OTHER_SWIFT_FLAGS = "-swift-version 5 -I $(TOOLCHAIN_DIR)/usr/lib/swift/pm/4_2 -target x86_64-apple-macosx10.10 -sdk /Applications/Xcode.app/Contents/Developer/Platforms/MacOSX.platform/Developer/SDKs/MacOSX10.15.sdk -package-description-version 5";
				SWIFT_VERSION = 5.0;
			};
			name = Release;
		};
/* End XCBuildConfiguration section */

/* Begin XCConfigurationList section */
		OBJ_101 /* Build configuration list for PBXNativeTarget "PathKit" */ = {
			isa = XCConfigurationList;
			buildConfigurations = (
				OBJ_102 /* Debug */,
				OBJ_103 /* Release */,
			);
			defaultConfigurationIsVisible = 0;
			defaultConfigurationName = Release;
		};
		OBJ_108 /* Build configuration list for PBXNativeTarget "PathKitPackageDescription" */ = {
			isa = XCConfigurationList;
			buildConfigurations = (
				OBJ_109 /* Debug */,
				OBJ_110 /* Release */,
			);
			defaultConfigurationIsVisible = 0;
			defaultConfigurationName = Release;
		};
		OBJ_114 /* Build configuration list for PBXNativeTarget "Stencil" */ = {
			isa = XCConfigurationList;
			buildConfigurations = (
				OBJ_115 /* Debug */,
				OBJ_116 /* Release */,
			);
			defaultConfigurationIsVisible = 0;
			defaultConfigurationName = Release;
		};
		OBJ_142 /* Build configuration list for PBXNativeTarget "StencilPackageDescription" */ = {
			isa = XCConfigurationList;
			buildConfigurations = (
				OBJ_143 /* Debug */,
				OBJ_144 /* Release */,
			);
			defaultConfigurationIsVisible = 0;
			defaultConfigurationName = Release;
		};
		OBJ_148 /* Build configuration list for PBXNativeTarget "vipergen" */ = {
			isa = XCConfigurationList;
			buildConfigurations = (
				OBJ_149 /* Debug */,
				OBJ_150 /* Release */,
			);
			defaultConfigurationIsVisible = 0;
			defaultConfigurationName = Release;
		};
		OBJ_167 /* Build configuration list for PBXNativeTarget "vipergenPackageDescription" */ = {
			isa = XCConfigurationList;
			buildConfigurations = (
				OBJ_168 /* Debug */,
				OBJ_169 /* Release */,
			);
			defaultConfigurationIsVisible = 0;
			defaultConfigurationName = Release;
		};
		OBJ_2 /* Build configuration list for PBXProject "vipergen" */ = {
			isa = XCConfigurationList;
			buildConfigurations = (
				OBJ_3 /* Debug */,
				OBJ_4 /* Release */,
			);
			defaultConfigurationIsVisible = 0;
			defaultConfigurationName = Release;
		};
		OBJ_67 /* Build configuration list for PBXNativeTarget "Commander" */ = {
			isa = XCConfigurationList;
			buildConfigurations = (
				OBJ_68 /* Debug */,
				OBJ_69 /* Release */,
			);
			defaultConfigurationIsVisible = 0;
			defaultConfigurationName = Release;
		};
		OBJ_82 /* Build configuration list for PBXNativeTarget "CommanderPackageDescription" */ = {
			isa = XCConfigurationList;
			buildConfigurations = (
				OBJ_83 /* Debug */,
				OBJ_84 /* Release */,
			);
			defaultConfigurationIsVisible = 0;
			defaultConfigurationName = Release;
		};
		OBJ_88 /* Build configuration list for PBXNativeTarget "Files" */ = {
			isa = XCConfigurationList;
			buildConfigurations = (
				OBJ_89 /* Debug */,
				OBJ_90 /* Release */,
			);
			defaultConfigurationIsVisible = 0;
			defaultConfigurationName = Release;
		};
		OBJ_95 /* Build configuration list for PBXNativeTarget "FilesPackageDescription" */ = {
			isa = XCConfigurationList;
			buildConfigurations = (
				OBJ_96 /* Debug */,
				OBJ_97 /* Release */,
			);
			defaultConfigurationIsVisible = 0;
			defaultConfigurationName = Release;
		};
/* End XCConfigurationList section */
	};
	rootObject = OBJ_1 /* Project object */;
}
